
Microsoft Visual Studio Solution File, Format Version 12.00
# Visual Studio 15
VisualStudioVersion = 15.0.28010.2016
MinimumVisualStudioVersion = 10.0.40219.1
Project("{2150E333-8FDC-42A3-9474-1A3956D46DE8}") = "0_Domain", "0_Domain", "{8520A604-32EF-4076-9385-6AC12AF18CD8}"
EndProject
Project("{9A19103F-16F7-4668-BE54-9A1E7A4F7556}") = "Anunnaki.Domain", "Anunnaki.Domain\Anunnaki.Domain.csproj", "{981CC24A-35B3-44DF-8080-18481CD8DB08}"
EndProject
Project("{9A19103F-16F7-4668-BE54-9A1E7A4F7556}") = "Anunnaki.Domain.Tests", "Anunnaki.Domain.Tests\Anunnaki.Domain.Tests.csproj", "{232F7412-1E41-4FD9-B637-57C6ACAF80D8}"
EndProject
Project("{2150E333-8FDC-42A3-9474-1A3956D46DE8}") = "1_Application", "1_Application", "{729AAF03-45DB-4626-88EA-2A80B4585113}"
EndProject
Project("{FAE04EC0-301F-11D3-BF4B-00C04F79EFBC}") = "Anunnaki.Application", "Anunnaki.Application\Anunnaki.Application.csproj", "{B81DD64A-FA36-4EF2-80CC-604B7DC07D2F}"
EndProject
Project("{2150E333-8FDC-42A3-9474-1A3956D46DE8}") = "2_Service", "2_Service", "{C6208797-1EA8-4E53-BCE6-24FF342F7BBA}"
EndProject
Project("{FAE04EC0-301F-11D3-BF4B-00C04F79EFBC}") = "Annunaki.Service", "Annunaki.Services\Annunaki.Service.csproj", "{15F4F535-7174-4D35-B72B-3E1E8919DA40}"
EndProject
Project("{2150E333-8FDC-42A3-9474-1A3956D46DE8}") = "3_Repository", "3_Repository", "{5A731767-729A-4C18-8E69-E5B73BF903F7}"
EndProject
Project("{FAE04EC0-301F-11D3-BF4B-00C04F79EFBC}") = "Annunaki.Repository", "Annunaki.Repository\Annunaki.Repository.csproj", "{98AAB827-00BB-433C-BC35-51FC221A20D1}"
EndProject
Project("{FAE04EC0-301F-11D3-BF4B-00C04F79EFBC}") = "Anunnaki.Application.Tests", "Anunnaki.Application.Tests\Anunnaki.Application.Tests.csproj", "{D97812AB-1C09-4994-BE18-EE88ADB5355F}"
EndProject
Project("{2150E333-8FDC-42A3-9474-1A3956D46DE8}") = "4_Presentation", "4_Presentation", "{3AB61E89-227C-4C42-A40B-0E1A359E7388}"
EndProject
Project("{2150E333-8FDC-42A3-9474-1A3956D46DE8}") = "4.1_Api", "4.1_Api", "{A3A0610F-A270-4898-9984-4E8442DE0E2D}"
EndProject
Project("{2150E333-8FDC-42A3-9474-1A3956D46DE8}") = "4.2_Ui", "4.2_Ui", "{88FD66F8-EBDA-4F3A-9B82-CED851E64241}"
EndProject
Project("{FAE04EC0-301F-11D3-BF4B-00C04F79EFBC}") = "Anunnaki.Presentation.Ui.Tests", "Anunnaki.Presentation.Ui.Tests\Anunnaki.Presentation.Ui.Tests.csproj", "{A6BC7F5A-723F-4E0B-9E8F-1EFB8617B9C7}"
EndProject
Project("{FAE04EC0-301F-11D3-BF4B-00C04F79EFBC}") = "Anunnaki.Presentation.Api", "Anunnaki.Presentation.Api\Anunnaki.Presentation.Api.csproj", "{ADA09218-B56F-4397-B930-3B92DB8CBB4F}"
EndProject
Global
	GlobalSection(SolutionConfigurationPlatforms) = preSolution
		Debug|Any CPU = Debug|Any CPU
		Release|Any CPU = Release|Any CPU
	EndGlobalSection
	GlobalSection(ProjectConfigurationPlatforms) = postSolution
		{981CC24A-35B3-44DF-8080-18481CD8DB08}.Debug|Any CPU.ActiveCfg = Debug|Any CPU
		{981CC24A-35B3-44DF-8080-18481CD8DB08}.Debug|Any CPU.Build.0 = Debug|Any CPU
		{981CC24A-35B3-44DF-8080-18481CD8DB08}.Release|Any CPU.ActiveCfg = Release|Any CPU
		{981CC24A-35B3-44DF-8080-18481CD8DB08}.Release|Any CPU.Build.0 = Release|Any CPU
		{232F7412-1E41-4FD9-B637-57C6ACAF80D8}.Debug|Any CPU.ActiveCfg = Debug|Any CPU
		{232F7412-1E41-4FD9-B637-57C6ACAF80D8}.Debug|Any CPU.Build.0 = Debug|Any CPU
		{232F7412-1E41-4FD9-B637-57C6ACAF80D8}.Release|Any CPU.ActiveCfg = Release|Any CPU
		{232F7412-1E41-4FD9-B637-57C6ACAF80D8}.Release|Any CPU.Build.0 = Release|Any CPU
		{B81DD64A-FA36-4EF2-80CC-604B7DC07D2F}.Debug|Any CPU.ActiveCfg = Debug|Any CPU
		{B81DD64A-FA36-4EF2-80CC-604B7DC07D2F}.Debug|Any CPU.Build.0 = Debug|Any CPU
		{B81DD64A-FA36-4EF2-80CC-604B7DC07D2F}.Release|Any CPU.ActiveCfg = Release|Any CPU
		{B81DD64A-FA36-4EF2-80CC-604B7DC07D2F}.Release|Any CPU.Build.0 = Release|Any CPU
		{15F4F535-7174-4D35-B72B-3E1E8919DA40}.Debug|Any CPU.ActiveCfg = Debug|Any CPU
		{15F4F535-7174-4D35-B72B-3E1E8919DA40}.Debug|Any CPU.Build.0 = Debug|Any CPU
		{15F4F535-7174-4D35-B72B-3E1E8919DA40}.Release|Any CPU.ActiveCfg = Release|Any CPU
		{15F4F535-7174-4D35-B72B-3E1E8919DA40}.Release|Any CPU.Build.0 = Release|Any CPU
		{98AAB827-00BB-433C-BC35-51FC221A20D1}.Debug|Any CPU.ActiveCfg = Debug|Any CPU
		{98AAB827-00BB-433C-BC35-51FC221A20D1}.Debug|Any CPU.Build.0 = Debug|Any CPU
		{98AAB827-00BB-433C-BC35-51FC221A20D1}.Release|Any CPU.ActiveCfg = Release|Any CPU
		{98AAB827-00BB-433C-BC35-51FC221A20D1}.Release|Any CPU.Build.0 = Release|Any CPU
		{D97812AB-1C09-4994-BE18-EE88ADB5355F}.Debug|Any CPU.ActiveCfg = Debug|Any CPU
		{D97812AB-1C09-4994-BE18-EE88ADB5355F}.Debug|Any CPU.Build.0 = Debug|Any CPU
		{D97812AB-1C09-4994-BE18-EE88ADB5355F}.Release|Any CPU.ActiveCfg = Release|Any CPU
		{D97812AB-1C09-4994-BE18-EE88ADB5355F}.Release|Any CPU.Build.0 = Release|Any CPU
		{A6BC7F5A-723F-4E0B-9E8F-1EFB8617B9C7}.Debug|Any CPU.ActiveCfg = Debug|Any CPU
		{A6BC7F5A-723F-4E0B-9E8F-1EFB8617B9C7}.Debug|Any CPU.Build.0 = Debug|Any CPU
		{A6BC7F5A-723F-4E0B-9E8F-1EFB8617B9C7}.Release|Any CPU.ActiveCfg = Release|Any CPU
		{A6BC7F5A-723F-4E0B-9E8F-1EFB8617B9C7}.Release|Any CPU.Build.0 = Release|Any CPU
		{ADA09218-B56F-4397-B930-3B92DB8CBB4F}.Debug|Any CPU.ActiveCfg = Debug|Any CPU
		{ADA09218-B56F-4397-B930-3B92DB8CBB4F}.Debug|Any CPU.Build.0 = Debug|Any CPU
		{ADA09218-B56F-4397-B930-3B92DB8CBB4F}.Release|Any CPU.ActiveCfg = Release|Any CPU
		{ADA09218-B56F-4397-B930-3B92DB8CBB4F}.Release|Any CPU.Build.0 = Release|Any CPU
	EndGlobalSection
	GlobalSection(SolutionProperties) = preSolution
		HideSolutionNode = FALSE
	EndGlobalSection
	GlobalSection(NestedProjects) = preSolution
		{981CC24A-35B3-44DF-8080-18481CD8DB08} = {8520A604-32EF-4076-9385-6AC12AF18CD8}
		{232F7412-1E41-4FD9-B637-57C6ACAF80D8} = {8520A604-32EF-4076-9385-6AC12AF18CD8}
		{B81DD64A-FA36-4EF2-80CC-604B7DC07D2F} = {729AAF03-45DB-4626-88EA-2A80B4585113}
		{15F4F535-7174-4D35-B72B-3E1E8919DA40} = {C6208797-1EA8-4E53-BCE6-24FF342F7BBA}
		{98AAB827-00BB-433C-BC35-51FC221A20D1} = {5A731767-729A-4C18-8E69-E5B73BF903F7}
		{D97812AB-1C09-4994-BE18-EE88ADB5355F} = {729AAF03-45DB-4626-88EA-2A80B4585113}
		{A3A0610F-A270-4898-9984-4E8442DE0E2D} = {3AB61E89-227C-4C42-A40B-0E1A359E7388}
		{88FD66F8-EBDA-4F3A-9B82-CED851E64241} = {3AB61E89-227C-4C42-A40B-0E1A359E7388}
		{A6BC7F5A-723F-4E0B-9E8F-1EFB8617B9C7} = {88FD66F8-EBDA-4F3A-9B82-CED851E64241}
		{ADA09218-B56F-4397-B930-3B92DB8CBB4F} = {A3A0610F-A270-4898-9984-4E8442DE0E2D}
	EndGlobalSection
	GlobalSection(ExtensibilityGlobals) = postSolution
		SolutionGuid = {6EB8B2B4-7176-4EE6-8C80-B99C8CD15218}
	EndGlobalSection
EndGlobal
